// !$*UTF8*$!
{
	archiveVersion = 1;
	classes = {
	};
	objectVersion = 48;
	objects = {

/* Begin PBXBuildFile section */
		B991948F20FFE31E004F0C5A /* sample.json in Resources */ = {isa = PBXBuildFile; fileRef = B991948E20FFE31E004F0C5A /* sample.json */; };
		B991949120FFE513004F0C5A /* Model.json in Resources */ = {isa = PBXBuildFile; fileRef = B9B55F7E20927C950016216E /* Model.json */; };
		B99BECD62093901E003F8AE3 /* ElementType.swift in Sources */ = {isa = PBXBuildFile; fileRef = B99BECD52093901E003F8AE3 /* ElementType.swift */; };
		B99BECD820939045003F8AE3 /* ElementType+Description.swift in Sources */ = {isa = PBXBuildFile; fileRef = B99BECD720939045003F8AE3 /* ElementType+Description.swift */; };
		B99BECDB20939063003F8AE3 /* String+Extension.swift in Sources */ = {isa = PBXBuildFile; fileRef = B99BECDA20939063003F8AE3 /* String+Extension.swift */; };
		B99BECDD20939084003F8AE3 /* Worker.swift in Sources */ = {isa = PBXBuildFile; fileRef = B99BECDC20939084003F8AE3 /* Worker.swift */; };
		B9B55F6F20927C8A0016216E /* AppDelegate.swift in Sources */ = {isa = PBXBuildFile; fileRef = B9B55F6E20927C8A0016216E /* AppDelegate.swift */; };
		B9B55F7120927C8A0016216E /* ViewController.swift in Sources */ = {isa = PBXBuildFile; fileRef = B9B55F7020927C8A0016216E /* ViewController.swift */; };
		B9B55F7320927C8A0016216E /* Assets.xcassets in Resources */ = {isa = PBXBuildFile; fileRef = B9B55F7220927C8A0016216E /* Assets.xcassets */; };
		B9B55F7620927C8A0016216E /* Main.storyboard in Resources */ = {isa = PBXBuildFile; fileRef = B9B55F7420927C8A0016216E /* Main.storyboard */; };
		B9B55FAA20927D1C0016216E /* Logger.swift in Sources */ = {isa = PBXBuildFile; fileRef = B9B55FA920927D1C0016216E /* Logger.swift */; };
/* End PBXBuildFile section */

/* Begin PBXFileReference section */
		B991948A20FFE28B004F0C5A /* SwiftyBeaver.framework */ = {isa = PBXFileReference; lastKnownFileType = wrapper.framework; name = SwiftyBeaver.framework; path = ../Carthage/Build/iOS/SwiftyBeaver.framework; sourceTree = "<group>"; };
		B991948E20FFE31E004F0C5A /* sample.json */ = {isa = PBXFileReference; lastKnownFileType = text.json; path = sample.json; sourceTree = "<group>"; };
		B99BECD52093901E003F8AE3 /* ElementType.swift */ = {isa = PBXFileReference; lastKnownFileType = sourcecode.swift; path = ElementType.swift; sourceTree = "<group>"; };
		B99BECD720939045003F8AE3 /* ElementType+Description.swift */ = {isa = PBXFileReference; lastKnownFileType = sourcecode.swift; path = "ElementType+Description.swift"; sourceTree = "<group>"; };
		B99BECDA20939063003F8AE3 /* String+Extension.swift */ = {isa = PBXFileReference; lastKnownFileType = sourcecode.swift; path = "String+Extension.swift"; sourceTree = "<group>"; };
		B99BECDC20939084003F8AE3 /* Worker.swift */ = {isa = PBXFileReference; lastKnownFileType = sourcecode.swift; path = Worker.swift; sourceTree = "<group>"; };
		B9B55F6B20927C8A0016216E /* JSONModelGenerator.app */ = {isa = PBXFileReference; explicitFileType = wrapper.application; includeInIndex = 0; path = JSONModelGenerator.app; sourceTree = BUILT_PRODUCTS_DIR; };
		B9B55F6E20927C8A0016216E /* AppDelegate.swift */ = {isa = PBXFileReference; lastKnownFileType = sourcecode.swift; path = AppDelegate.swift; sourceTree = "<group>"; };
		B9B55F7020927C8A0016216E /* ViewController.swift */ = {isa = PBXFileReference; lastKnownFileType = sourcecode.swift; path = ViewController.swift; sourceTree = "<group>"; };
		B9B55F7220927C8A0016216E /* Assets.xcassets */ = {isa = PBXFileReference; lastKnownFileType = folder.assetcatalog; path = Assets.xcassets; sourceTree = "<group>"; };
		B9B55F7520927C8A0016216E /* Base */ = {isa = PBXFileReference; lastKnownFileType = file.storyboard; name = Base; path = Base.lproj/Main.storyboard; sourceTree = "<group>"; };
		B9B55F7720927C8A0016216E /* Info.plist */ = {isa = PBXFileReference; lastKnownFileType = text.plist.xml; path = Info.plist; sourceTree = "<group>"; };
		B9B55F7820927C8A0016216E /* JSONModelGenerator.entitlements */ = {isa = PBXFileReference; lastKnownFileType = text.plist.entitlements; path = JSONModelGenerator.entitlements; sourceTree = "<group>"; };
		B9B55F7E20927C950016216E /* Model.json */ = {isa = PBXFileReference; lastKnownFileType = text.json; path = Model.json; sourceTree = "<group>"; };
		B9B55FA920927D1C0016216E /* Logger.swift */ = {isa = PBXFileReference; fileEncoding = 4; lastKnownFileType = sourcecode.swift; path = Logger.swift; sourceTree = "<group>"; };
/* End PBXFileReference section */

/* Begin PBXFrameworksBuildPhase section */
		B9B55F6820927C8A0016216E /* Frameworks */ = {
			isa = PBXFrameworksBuildPhase;
			buildActionMask = 2147483647;
			files = (
			);
			runOnlyForDeploymentPostprocessing = 0;
		};
/* End PBXFrameworksBuildPhase section */

/* Begin PBXGroup section */
		B991948820FFE21B004F0C5A /* Model */ = {
			isa = PBXGroup;
			children = (
				B991948E20FFE31E004F0C5A /* sample.json */,
			);
			path = Model;
			sourceTree = "<group>";
		};
		B991948920FFE28A004F0C5A /* Frameworks */ = {
			isa = PBXGroup;
			children = (
				B991948A20FFE28B004F0C5A /* SwiftyBeaver.framework */,
			);
			name = Frameworks;
			sourceTree = "<group>";
		};
		B99BECCE20939004003F8AE3 /* Source */ = {
			isa = PBXGroup;
			children = (
				B99BECD920939056003F8AE3 /* Extension */,
				B99BECD52093901E003F8AE3 /* ElementType.swift */,
				B99BECD720939045003F8AE3 /* ElementType+Description.swift */,
				B99BECDC20939084003F8AE3 /* Worker.swift */,
			);
			path = Source;
			sourceTree = "<group>";
		};
		B99BECD920939056003F8AE3 /* Extension */ = {
			isa = PBXGroup;
			children = (
				B99BECDA20939063003F8AE3 /* String+Extension.swift */,
			);
			path = Extension;
			sourceTree = "<group>";
		};
		B9B55F6220927C8A0016216E = {
			isa = PBXGroup;
			children = (
				B9B55F6D20927C8A0016216E /* JSONModelGenerator */,
				B9B55F6C20927C8A0016216E /* Products */,
				B991948920FFE28A004F0C5A /* Frameworks */,
			);
			sourceTree = "<group>";
		};
		B9B55F6C20927C8A0016216E /* Products */ = {
			isa = PBXGroup;
			children = (
				B9B55F6B20927C8A0016216E /* JSONModelGenerator.app */,
			);
			name = Products;
			sourceTree = "<group>";
		};
		B9B55F6D20927C8A0016216E /* JSONModelGenerator */ = {
			isa = PBXGroup;
			children = (
				B991948820FFE21B004F0C5A /* Model */,
				B99BECCE20939004003F8AE3 /* Source */,
				B9B55FA920927D1C0016216E /* Logger.swift */,
				B9B55F7E20927C950016216E /* Model.json */,
				B9B55F6E20927C8A0016216E /* AppDelegate.swift */,
				B9B55F7020927C8A0016216E /* ViewController.swift */,
				B9B55F7220927C8A0016216E /* Assets.xcassets */,
				B9B55F7420927C8A0016216E /* Main.storyboard */,
				B9B55F7720927C8A0016216E /* Info.plist */,
				B9B55F7820927C8A0016216E /* JSONModelGenerator.entitlements */,
			);
			path = JSONModelGenerator;
			sourceTree = "<group>";
		};
/* End PBXGroup section */

/* Begin PBXNativeTarget section */
		B9B55F6A20927C8A0016216E /* JSONModelGenerator */ = {
			isa = PBXNativeTarget;
			buildConfigurationList = B9B55F7B20927C8A0016216E /* Build configuration list for PBXNativeTarget "JSONModelGenerator" */;
			buildPhases = (
				B9B55F6720927C8A0016216E /* Sources */,
				B9B55F6820927C8A0016216E /* Frameworks */,
				B9B55F6920927C8A0016216E /* Resources */,
				B991949020FFE472004F0C5A /* Carthage */,
			);
			buildRules = (
			);
			dependencies = (
			);
			name = JSONModelGenerator;
			productName = JSONModelGenerator;
			productReference = B9B55F6B20927C8A0016216E /* JSONModelGenerator.app */;
			productType = "com.apple.product-type.application";
		};
/* End PBXNativeTarget section */

/* Begin PBXProject section */
		B9B55F6320927C8A0016216E /* Project object */ = {
			isa = PBXProject;
			attributes = {
				LastSwiftUpdateCheck = 0920;
				LastUpgradeCheck = 0930;
				ORGANIZATIONNAME = Evgeniy;
				TargetAttributes = {
					B9B55F6A20927C8A0016216E = {
						CreatedOnToolsVersion = 9.2;
						ProvisioningStyle = Automatic;
					};
				};
			};
			buildConfigurationList = B9B55F6620927C8A0016216E /* Build configuration list for PBXProject "JSONModelGenerator" */;
			compatibilityVersion = "Xcode 8.0";
			developmentRegion = en;
			hasScannedForEncodings = 0;
			knownRegions = (
				en,
				Base,
			);
			mainGroup = B9B55F6220927C8A0016216E;
			productRefGroup = B9B55F6C20927C8A0016216E /* Products */;
			projectDirPath = "";
			projectRoot = "";
			targets = (
				B9B55F6A20927C8A0016216E /* JSONModelGenerator */,
			);
		};
/* End PBXProject section */

/* Begin PBXResourcesBuildPhase section */
		B9B55F6920927C8A0016216E /* Resources */ = {
			isa = PBXResourcesBuildPhase;
			buildActionMask = 2147483647;
			files = (
				B991949120FFE513004F0C5A /* Model.json in Resources */,
				B9B55F7320927C8A0016216E /* Assets.xcassets in Resources */,
				B9B55F7620927C8A0016216E /* Main.storyboard in Resources */,
				B991948F20FFE31E004F0C5A /* sample.json in Resources */,
			);
			runOnlyForDeploymentPostprocessing = 0;
		};
/* End PBXResourcesBuildPhase section */

/* Begin PBXShellScriptBuildPhase section */
		B991949020FFE472004F0C5A /* Carthage */ = {
			isa = PBXShellScriptBuildPhase;
			buildActionMask = 2147483647;
			files = (
			);
			inputPaths = (
				"$(SRCROOT)/../Carthage/Build/Mac/SwiftyBeaver.framework",
			);
			name = Carthage;
			outputPaths = (
				"$(BUILT_PRODUCTS_DIR)/$(FRAMEWORKS_FOLDER_PATH)/SwiftyBeaver.framework",
			);
			runOnlyForDeploymentPostprocessing = 0;
			shellPath = /bin/sh;
			shellScript = "/usr/local/bin/carthage copy-frameworks";
		};
/* End PBXShellScriptBuildPhase section */

/* Begin PBXSourcesBuildPhase section */
		B9B55F6720927C8A0016216E /* Sources */ = {
			isa = PBXSourcesBuildPhase;
			buildActionMask = 2147483647;
			files = (
				B99BECD820939045003F8AE3 /* ElementType+Description.swift in Sources */,
				B9B55F7120927C8A0016216E /* ViewController.swift in Sources */,
				B9B55FAA20927D1C0016216E /* Logger.swift in Sources */,
				B9B55F6F20927C8A0016216E /* AppDelegate.swift in Sources */,
				B99BECDB20939063003F8AE3 /* String+Extension.swift in Sources */,
				B99BECD62093901E003F8AE3 /* ElementType.swift in Sources */,
				B99BECDD20939084003F8AE3 /* Worker.swift in Sources */,
			);
			runOnlyForDeploymentPostprocessing = 0;
		};
/* End PBXSourcesBuildPhase section */

/* Begin PBXVariantGroup section */
		B9B55F7420927C8A0016216E /* Main.storyboard */ = {
			isa = PBXVariantGroup;
			children = (
				B9B55F7520927C8A0016216E /* Base */,
			);
			name = Main.storyboard;
			sourceTree = "<group>";
		};
/* End PBXVariantGroup section */

/* Begin XCBuildConfiguration section */
		B9B55F7920927C8A0016216E /* Debug */ = {
			isa = XCBuildConfiguration;
			buildSettings = {
				ALWAYS_SEARCH_USER_PATHS = NO;
				CLANG_ANALYZER_NONNULL = YES;
				CLANG_ANALYZER_NUMBER_OBJECT_CONVERSION = YES_AGGRESSIVE;
				CLANG_CXX_LANGUAGE_STANDARD = "gnu++14";
				CLANG_CXX_LIBRARY = "libc++";
				CLANG_ENABLE_MODULES = YES;
				CLANG_ENABLE_OBJC_ARC = YES;
				CLANG_WARN_BLOCK_CAPTURE_AUTORELEASING = YES;
				CLANG_WARN_BOOL_CONVERSION = YES;
				CLANG_WARN_COMMA = YES;
				CLANG_WARN_CONSTANT_CONVERSION = YES;
				CLANG_WARN_DEPRECATED_OBJC_IMPLEMENTATIONS = YES;
				CLANG_WARN_DIRECT_OBJC_ISA_USAGE = YES_ERROR;
				CLANG_WARN_DOCUMENTATION_COMMENTS = YES;
				CLANG_WARN_EMPTY_BODY = YES;
				CLANG_WARN_ENUM_CONVERSION = YES;
				CLANG_WARN_INFINITE_RECURSION = YES;
				CLANG_WARN_INT_CONVERSION = YES;
				CLANG_WARN_NON_LITERAL_NULL_CONVERSION = YES;
				CLANG_WARN_OBJC_IMPLICIT_RETAIN_SELF = YES;
				CLANG_WARN_OBJC_LITERAL_CONVERSION = YES;
				CLANG_WARN_OBJC_ROOT_CLASS = YES_ERROR;
				CLANG_WARN_RANGE_LOOP_ANALYSIS = YES;
				CLANG_WARN_STRICT_PROTOTYPES = YES;
				CLANG_WARN_SUSPICIOUS_MOVE = YES;
				CLANG_WARN_UNGUARDED_AVAILABILITY = YES_AGGRESSIVE;
				CLANG_WARN_UNREACHABLE_CODE = YES;
				CLANG_WARN__DUPLICATE_METHOD_MATCH = YES;
				CODE_SIGN_IDENTITY = "Mac Developer";
				COPY_PHASE_STRIP = NO;
				DEBUG_INFORMATION_FORMAT = dwarf;
				ENABLE_STRICT_OBJC_MSGSEND = YES;
				ENABLE_TESTABILITY = YES;
				GCC_C_LANGUAGE_STANDARD = gnu11;
				GCC_DYNAMIC_NO_PIC = NO;
				GCC_NO_COMMON_BLOCKS = YES;
				GCC_OPTIMIZATION_LEVEL = 0;
				GCC_PREPROCESSOR_DEFINITIONS = (
					"DEBUG=1",
					"$(inherited)",
				);
				GCC_WARN_64_TO_32_BIT_CONVERSION = YES;
				GCC_WARN_ABOUT_RETURN_TYPE = YES_ERROR;
				GCC_WARN_UNDECLARED_SELECTOR = YES;
				GCC_WARN_UNINITIALIZED_AUTOS = YES_AGGRESSIVE;
				GCC_WARN_UNUSED_FUNCTION = YES;
				GCC_WARN_UNUSED_VARIABLE = YES;
				MACOSX_DEPLOYMENT_TARGET = 10.12;
				MTL_ENABLE_DEBUG_INFO = YES;
				ONLY_ACTIVE_ARCH = YES;
				SDKROOT = macosx;
				SWIFT_ACTIVE_COMPILATION_CONDITIONS = DEBUG;
				SWIFT_OPTIMIZATION_LEVEL = "-Onone";
			};
			name = Debug;
		};
		B9B55F7A20927C8A0016216E /* Release */ = {
			isa = XCBuildConfiguration;
			buildSettings = {
				ALWAYS_SEARCH_USER_PATHS = NO;
				CLANG_ANALYZER_NONNULL = YES;
				CLANG_ANALYZER_NUMBER_OBJECT_CONVERSION = YES_AGGRESSIVE;
				CLANG_CXX_LANGUAGE_STANDARD = "gnu++14";
				CLANG_CXX_LIBRARY = "libc++";
				CLANG_ENABLE_MODULES = YES;
				CLANG_ENABLE_OBJC_ARC = YES;
				CLANG_WARN_BLOCK_CAPTURE_AUTORELEASING = YES;
				CLANG_WARN_BOOL_CONVERSION = YES;
				CLANG_WARN_COMMA = YES;
				CLANG_WARN_CONSTANT_CONVERSION = YES;
				CLANG_WARN_DEPRECATED_OBJC_IMPLEMENTATIONS = YES;
				CLANG_WARN_DIRECT_OBJC_ISA_USAGE = YES_ERROR;
				CLANG_WARN_DOCUMENTATION_COMMENTS = YES;
				CLANG_WARN_EMPTY_BODY = YES;
				CLANG_WARN_ENUM_CONVERSION = YES;
				CLANG_WARN_INFINITE_RECURSION = YES;
				CLANG_WARN_INT_CONVERSION = YES;
				CLANG_WARN_NON_LITERAL_NULL_CONVERSION = YES;
				CLANG_WARN_OBJC_IMPLICIT_RETAIN_SELF = YES;
				CLANG_WARN_OBJC_LITERAL_CONVERSION = YES;
				CLANG_WARN_OBJC_ROOT_CLASS = YES_ERROR;
				CLANG_WARN_RANGE_LOOP_ANALYSIS = YES;
				CLANG_WARN_STRICT_PROTOTYPES = YES;
				CLANG_WARN_SUSPICIOUS_MOVE = YES;
				CLANG_WARN_UNGUARDED_AVAILABILITY = YES_AGGRESSIVE;
				CLANG_WARN_UNREACHABLE_CODE = YES;
				CLANG_WARN__DUPLICATE_METHOD_MATCH = YES;
				CODE_SIGN_IDENTITY = "Mac Developer";
				COPY_PHASE_STRIP = NO;
				DEBUG_INFORMATION_FORMAT = "dwarf-with-dsym";
				ENABLE_NS_ASSERTIONS = NO;
				ENABLE_STRICT_OBJC_MSGSEND = YES;
				GCC_C_LANGUAGE_STANDARD = gnu11;
				GCC_NO_COMMON_BLOCKS = YES;
				GCC_WARN_64_TO_32_BIT_CONVERSION = YES;
				GCC_WARN_ABOUT_RETURN_TYPE = YES_ERROR;
				GCC_WARN_UNDECLARED_SELECTOR = YES;
				GCC_WARN_UNINITIALIZED_AUTOS = YES_AGGRESSIVE;
				GCC_WARN_UNUSED_FUNCTION = YES;
				GCC_WARN_UNUSED_VARIABLE = YES;
				MACOSX_DEPLOYMENT_TARGET = 10.12;
				MTL_ENABLE_DEBUG_INFO = NO;
				SDKROOT = macosx;
				SWIFT_OPTIMIZATION_LEVEL = "-Owholemodule";
			};
			name = Release;
		};
		B9B55F7C20927C8A0016216E /* Debug */ = {
			isa = XCBuildConfiguration;
			buildSettings = {
				ASSETCATALOG_COMPILER_APPICON_NAME = AppIcon;
				CODE_SIGN_ENTITLEMENTS = JSONModelGenerator/JSONModelGenerator.entitlements;
				CODE_SIGN_IDENTITY = "Mac Developer";
				CODE_SIGN_STYLE = Automatic;
				COMBINE_HIDPI_IMAGES = YES;
				DEVELOPMENT_TEAM = VD97XKT54M;
				FRAMEWORK_SEARCH_PATHS = "$(SRCROOT)/../Carthage/Build/Mac";
				INFOPLIST_FILE = JSONModelGenerator/Info.plist;
				LD_RUNPATH_SEARCH_PATHS = "$(inherited) @executable_path/../Frameworks";
				PRODUCT_BUNDLE_IDENTIFIER = own2pwn.pp.JSONModelGenerator;
				PRODUCT_NAME = "$(TARGET_NAME)";
				PROVISIONING_PROFILE_SPECIFIER = "";
				SWIFT_VERSION = 4.0;
			};
			name = Debug;
		};
		B9B55F7D20927C8A0016216E /* Release */ = {
			isa = XCBuildConfiguration;
			buildSettings = {
				ASSETCATALOG_COMPILER_APPICON_NAME = AppIcon;
				CODE_SIGN_ENTITLEMENTS = JSONModelGenerator/JSONModelGenerator.entitlements;
				CODE_SIGN_IDENTITY = "Mac Developer";
				CODE_SIGN_STYLE = Automatic;
				COMBINE_HIDPI_IMAGES = YES;
				DEVELOPMENT_TEAM = VD97XKT54M;
				FRAMEWORK_SEARCH_PATHS = "$(SRCROOT)/../Carthage/Build/Mac";
				INFOPLIST_FILE = JSONModelGenerator/Info.plist;
				LD_RUNPATH_SEARCH_PATHS = "$(inherited) @executable_path/../Frameworks";
				PRODUCT_BUNDLE_IDENTIFIER = own2pwn.pp.JSONModelGenerator;
				PRODUCT_NAME = "$(TARGET_NAME)";
				PROVISIONING_PROFILE_SPECIFIER = "";
				SWIFT_VERSION = 4.0;
			};
			name = Release;
		};
/* End XCBuildConfiguration section */

/* Begin XCConfigurationList section */
		B9B55F6620927C8A0016216E /* Build configuration list for PBXProject "JSONModelGenerator" */ = {
			isa = XCConfigurationList;
			buildConfigurations = (
				B9B55F7920927C8A0016216E /* Debug */,
				B9B55F7A20927C8A0016216E /* Release */,
			);
			defaultConfigurationIsVisible = 0;
			defaultConfigurationName = Release;
		};
		B9B55F7B20927C8A0016216E /* Build configuration list for PBXNativeTarget "JSONModelGenerator" */ = {
			isa = XCConfigurationList;
			buildConfigurations = (
				B9B55F7C20927C8A0016216E /* Debug */,
				B9B55F7D20927C8A0016216E /* Release */,
			);
			defaultConfigurationIsVisible = 0;
			defaultConfigurationName = Release;
		};
/* End XCConfigurationList section */
	};
	rootObject = B9B55F6320927C8A0016216E /* Project object */;
}
